PODS:
  - Flutter (1.0.0)
  - flutter_webrtc (0.9.31):
    - Flutter
    - WebRTC-SDK (= 104.5112.17)
  - millicast_flutter_sdk (1.2.0):
    - Flutter
    - WebRTC-SDK (= 104.5112.17)
  - path_provider_foundation (0.0.1):
    - Flutter
    - FlutterMacOS
  - permission_handler_apple (9.1.1):
    - Flutter
  - share_plus (0.0.1):
    - Flutter
  - WebRTC-SDK (104.5112.17)

DEPENDENCIES:
  - Flutter (from `Flutter`)
  - flutter_webrtc (from `.symlinks/plugins/flutter_webrtc/ios`)
  - millicast_flutter_sdk (from `.symlinks/plugins/millicast_flutter_sdk/ios`)
  - path_provider_foundation (from `.symlinks/plugins/path_provider_foundation/ios`)
  - permission_handler_apple (from `.symlinks/plugins/permission_handler_apple/ios`)
  - share_plus (from `.symlinks/plugins/share_plus/ios`)

SPEC REPOS:
  trunk:
    - WebRTC-SDK

EXTERNAL SOURCES:
  Flutter:
    :path: Flutter
  flutter_webrtc:
    :path: ".symlinks/plugins/flutter_webrtc/ios"
  millicast_flutter_sdk:
    :path: ".symlinks/plugins/millicast_flutter_sdk/ios"
  path_provider_foundation:
    :path: ".symlinks/plugins/path_provider_foundation/ios"
  permission_handler_apple:
    :path: ".symlinks/plugins/permission_handler_apple/ios"
  share_plus:
    :path: ".symlinks/plugins/share_plus/ios"

SPEC CHECKSUMS:
  Flutter: f04841e97a9d0b0a8025694d0796dd46242b2854
  flutter_webrtc: 02c023207f972145a3bc8c7aada86754f264d563
  millicast_flutter_sdk: 7604de83ca2016742335a91f3b111a5620987a36
  path_provider_foundation: 29f094ae23ebbca9d3d0cec13889cd9060c0e943
  permission_handler_apple: e76247795d700c14ea09e3a2d8855d41ee80a2e6
  share_plus: 056a1e8ac890df3e33cb503afffaf1e9b4fbae68
  WebRTC-SDK: 082ae4893212534a779ca233f19a9df8efd5f3bd

PODFILE CHECKSUM: c7f777b8cab1ad7af915902f4105c73f4511ff5a

COCOAPODS: 1.12.1
